cloudeng.io/algo v0.0.0-20260312171538-61fcde6ce278 h1:Icr62RVeDSySB4Cr58jVBt4tOxTgEvEHNch5EmgFaoU=
cloudeng.io/algo v0.0.0-20260312171538-61fcde6ce278/go.mod h1:pjXLOZUvlHDj9nF7WsB2ECQVxmwneZ/VVOAkMAnaxaE=
cloudeng.io/aws v0.0.0-20260312171538-61fcde6ce278 h1:U8IH4K9Gxp+GCR6/T9XBJuChALdktcxDAzDmobNV9OU=
cloudeng.io/aws v0.0.0-20260312171538-61fcde6ce278/go.mod h1:a/hFGxDuO6VfJpWl8YCjqWRVMRQs95xFsbZvbi1PyyE=
cloudeng.io/cmdutil v0.0.0-20260312171538-61fcde6ce278 h1:hmxwKMBmlfE9lLJ/9qT3MSxyzOLarxkMRS/AVF9AHBs=
cloudeng.io/cmdutil v0.0.0-20260312171538-61fcde6ce278/go.mod h1:PLl/4OZ4f7KehdXkIqUfD+dG6PDWH4ELcGC5BPTP7wY=
cloudeng.io/datetime v0.0.0-20260312171538-61fcde6ce278 h1:Qjc3mP4WAVD1N27I6xwNScxXlnewzhP5/799GKFOIsQ=
cloudeng.io/datetime v0.0.0-20260312171538-61fcde6ce278/go.mod h1:BFcGOM2904dd1yzIp4dHicBOp2eLO5yvrY6WM4uvpoo=
cloudeng.io/debug v0.0.0-20260312171538-61fcde6ce278 h1:aGzAr8ZdwCisOwyyvymgYAdLaPIHeZOzE8nWFZOEcAk=
cloudeng.io/debug v0.0.0-20260312171538-61fcde6ce278/go.mod h1:lqnkxQcpZ4yfXoxHj+OVCydm/I8G+t4w1exrQdBVhTc=
cloudeng.io/errors v0.0.14-0.20260312171538-61fcde6ce278 h1:zvkZ9WBpBjerUAhl+SLCcQLar2mNdsA0kFc0Ku5NKVQ=
cloudeng.io/errors v0.0.14-0.20260312171538-61fcde6ce278/go.mod h1:6TivTMjXopNNZ0eNsac9MfYij1WC6R0gJcsSIxcunIA=
cloudeng.io/file v0.0.0-20260312171538-61fcde6ce278 h1:x1bX8humN7TI0TVlbbQ7s0dQA10w4KP1uTSk4CQtQ7U=
cloudeng.io/file v0.0.0-20260312171538-61fcde6ce278/go.mod h1:WVlLLiDCreK7mFnRctm4d8QuHMGASHOEUgy1qDg5n/c=
cloudeng.io/geospatial v0.0.0-20260312171538-61fcde6ce278 h1:lOgI6P9ymR+ZcnRPxiLARwxlwIW3Zst9iDOvKIoz620=
cloudeng.io/geospatial v0.0.0-20260312171538-61fcde6ce278/go.mod h1:W0U21miJxreaDxUiBlvtYe4qyx3ESEmPO1qw26sAygU=
cloudeng.io/google v0.0.0-20260312171538-61fcde6ce278 h1:FrKdlXjb6vHKxQANshp+y25TeEfNZUkUOQT9e9qP3Wc=
cloudeng.io/google v0.0.0-20260312171538-61fcde6ce278/go.mod h1:Lk8yv027GqcWU8qFz5eeb0KPlc6dfx4trHrK40hMKZA=
cloudeng.io/io v0.0.0-20260312171538-61fcde6ce278 h1:1Pfqemlt3aa1dfIzlkMunsmgibIaUQuHeEB9eomo7Pc=
cloudeng.io/io v0.0.0-20260312171538-61fcde6ce278/go.mod h1:UBofGL9buPo4290UO18JeW2sKmx10lpOQ6JF9/856yg=
cloudeng.io/logging v0.0.0-20260312171538-61fcde6ce278 h1:0dJME+1X+rIlCV42bL23Ua2cgTK9TKRD38N3GsxMI6o=
cloudeng.io/logging v0.0.0-20260312171538-61fcde6ce278/go.mod h1:1srNtLRpQsIoLck/p/JmvR/QfwfPbDO/65orqtdh1N0=
cloudeng.io/net v0.0.0-20260312171538-61fcde6ce278 h1:ggyEjZ8qKSzE8J8WlU5KpxKiuO5pJ010EkOOQg228Rk=
cloudeng.io/net v0.0.0-20260312171538-61fcde6ce278/go.mod h1:0cROdfgWrRBhcoYJGA6IUdf00dPEc+lKnRcJelNSQs4=
cloudeng.io/os v0.0.0-20260312171538-61fcde6ce278 h1:mPOTlm3SaXMI0bsJA611+IDXiA44Km/AhEZa+ORdNYU=
cloudeng.io/os v0.0.0-20260312171538-61fcde6ce278/go.mod h1:R/vUqNOE6SwTzKKd9Mdyq0XoDfybsoFqCyD5zBZpD9c=
cloudeng.io/path v0.0.10-0.20260312171538-61fcde6ce278 h1:REi7wHqzb//83YtX5gkhLdUzlzNuReVHyTpBeuRmJ2A=
cloudeng.io/path v0.0.10-0.20260312171538-61fcde6ce278/go.mod h1:zAHxwBvZ4Ijb3WiUeGwp+HU3Qqlo8oBFzShAlRW/92A=
cloudeng.io/security v0.0.0-20260312171538-61fcde6ce278 h1:vxRqwjnhWQpV2v+R7zoafbrr/0wUwMAZ4sTOQjefka4=
cloudeng.io/security v0.0.0-20260312171538-61fcde6ce278/go.mod h1:I5Iwu3EyEFL0RmE8lhCZnt+EcEXnUX7Zkl9gaQ8JwAw=
cloudeng.io/sync v0.0.9-0.20260312171538-61fcde6ce278 h1:i02u8EGZv0r5nOaqePkrwPFzUIEq/RuSBUeofyNCnE8=
cloudeng.io/sync v0.0.9-0.20260312171538-61fcde6ce278/go.mod h1:iDq9SVBMBs+AJJBXtKAlVaU27Dt9FpRbisiL+lyVSc0=
cloudeng.io/sys v0.0.0-20260312171538-61fcde6ce278 h1:XyMfCg0Ihc4+yO3sndRBLyWsV2gxdHpUDOELFENco5Q=
cloudeng.io/sys v0.0.0-20260312171538-61fcde6ce278/go.mod h1:RIGBxuMDVW4SrN08VdrNvYFQ3+VkGA8iZ8/j0ONLoO8=
cloudeng.io/text v0.0.16-0.20260312171538-61fcde6ce278 h1:pGH7HR6EiZ7mceD00OY2vdKSqvIUYt+1F/b3G63O6uo=
cloudeng.io/text v0.0.16-0.20260312171538-61fcde6ce278/go.mod h1:bZd+iMNGHuFhRwk30Ife7WW56IZAMnAqApeEt4KEc0c=
github.com/davecgh/go-spew v1.1.0/go.mod h1:J7Y8YcW2NihsgmVo/mv3lAwl/skON4iLHjSsI+c5H38=
github.com/davecgh/go-spew v1.1.2-0.20180830191138-d8f796af33cc h1:U9qPSI2PIWSS1VwoXQT9A3Wy9MM3WgvqSxFWenqJduM=
github.com/davecgh/go-spew v1.1.2-0.20180830191138-d8f796af33cc/go.mod h1:J7Y8YcW2NihsgmVo/mv3lAwl/skON4iLHjSsI+c5H38=
github.com/google/go-cmp v0.5.0/go.mod h1:v8dTdLbMG2kIc/vJvl+f65V22dbkXbowE6jgT/gNBxE=
github.com/google/go-cmp v0.6.0 h1:ofyhxvXcZhMsU5ulbFiLKl/XBFqE1GSq7atu8tAmTRI=
github.com/google/go-cmp v0.6.0/go.mod h1:17dUlkBOakJ0+DkrSSNjCkIjxS6bF9zb3elmeNGIjoY=
github.com/pmezard/go-difflib v1.0.0/go.mod h1:iKH77koFhYxTK1pcRnkKkqfTogsbg7gZNVY4sRDYZ/4=
github.com/pmezard/go-difflib v1.0.1-0.20181226105442-5d4384ee4fb2 h1:Jamvg5psRIccs7FGNTlIRMkT8wgtp5eCXdBlqhYGL6U=
github.com/pmezard/go-difflib v1.0.1-0.20181226105442-5d4384ee4fb2/go.mod h1:iKH77koFhYxTK1pcRnkKkqfTogsbg7gZNVY4sRDYZ/4=
github.com/square/go-jose/v3 v3.0.0-20200630053402-0a67ce9b0693 h1:wD1IWQwAhdWclCwaf6DdzgCAe9Bfz1M+4AHRd7N786Y=
github.com/square/go-jose/v3 v3.0.0-20200630053402-0a67ce9b0693/go.mod h1:6hSY48PjDm4UObWmGLyJE9DxYVKTgR9kbCspXXJEhcU=
github.com/stretchr/objx v0.1.0/go.mod h1:HFkY916IF+rwdDfMAkV7OtwuqBVzrE8GR6GFx+wExME=
github.com/stretchr/testify v1.6.1/go.mod h1:6Fq8oRcR53rry900zMqJjRRixrwX3KX962/h/Wwjteg=
github.com/stretchr/testify v1.11.1 h1:7s2iGBzp5EwR7/aIZr8ao5+dra3wiQyKjjFuvgVKu7U=
github.com/stretchr/testify v1.11.1/go.mod h1:wZwfW3scLgRK+23gO65QZefKpKQRnfz6sD981Nm4B6U=
golang.org/x/crypto v0.0.0-20190308221718-c2843e01d9a2/go.mod h1:djNgcEr1/C05ACkg1iLfiJU5Ep61QUkGW8qpdssI0+w=
golang.org/x/crypto v0.0.0-20190911031432-227b76d455e7/go.mod h1:yigFU9vqHzYiE8UmvKecakEJjdnWj3jj499lnFckfCI=
golang.org/x/crypto v0.49.0 h1:+Ng2ULVvLHnJ/ZFEq4KdcDd/cfjrrjjNSXNzxg0Y4U4=
golang.org/x/crypto v0.49.0/go.mod h1:ErX4dUh2UM+CFYiXZRTcMpEcN8b/1gxEuv3nODoYtCA=
golang.org/x/net v0.0.0-20190404232315-eb5bcb51f2a3/go.mod h1:t9HGtf8HONx5eT2rtn7q6eTqICYqUVnKs3thJo3Qplg=
golang.org/x/sys v0.0.0-20190215142949-d0b11bdaac8a/go.mod h1:STP8DvDyc/dI5b8T5hshtkjS+E42TnysNCUPdjciGhY=
golang.org/x/sys v0.0.0-20190412213103-97732733099d/go.mod h1:h1NjWce9XRLGQEsW7wpKNCjG9DtNlClVuFLEZdDNbEs=
golang.org/x/sys v0.42.0 h1:omrd2nAlyT5ESRdCLYdm3+fMfNFE/+Rf4bDIQImRJeo=
golang.org/x/sys v0.42.0/go.mod h1:4GL1E5IUh+htKOUEOaiffhrAeqysfVGipDYzABqnCmw=
golang.org/x/text v0.3.0/go.mod h1:NqM8EUOU14njkJ3fqMW+pc6Ldnwhi/IjpwHt7yyuwOQ=
golang.org/x/xerrors v0.0.0-20191204190536-9bdfabe68543/go.mod h1:I/5z698sn9Ka8TeJc9MKroUUfqBBauWjQqLJ2OPfmY0=
gopkg.in/check.v1 v0.0.0-20161208181325-20d25e280405/go.mod h1:Co6ibVJAznAaIkqp8huTwlJQCZ016jof/cbN4VW5Yz0=
gopkg.in/yaml.v3 v3.0.0-20200313102051-9f266ea9e77c/go.mod h1:K4uyk7z7BCEPqu6E+C64Yfv1cQ7kz7rIZviUmN+EgEM=
gopkg.in/yaml.v3 v3.0.1 h1:fxVm/GzAzEWqLHuvctI91KS9hhNmmWOoWu0XTYJS7CA=
gopkg.in/yaml.v3 v3.0.1/go.mod h1:K4uyk7z7BCEPqu6E+C64Yfv1cQ7kz7rIZviUmN+EgEM=
