cloudeng.io/algo v0.0.0-20260303213431-bb1cfd0f49cd h1:cUz9VxrGOnmdqx4sMR7IRj1v776eIW7iCgER+vS4aBs=
cloudeng.io/algo v0.0.0-20260303213431-bb1cfd0f49cd/go.mod h1:pjXLOZUvlHDj9nF7WsB2ECQVxmwneZ/VVOAkMAnaxaE=
cloudeng.io/algo v0.0.0-20260312171538-61fcde6ce278 h1:Icr62RVeDSySB4Cr58jVBt4tOxTgEvEHNch5EmgFaoU=
cloudeng.io/algo v0.0.0-20260312171538-61fcde6ce278/go.mod h1:pjXLOZUvlHDj9nF7WsB2ECQVxmwneZ/VVOAkMAnaxaE=
cloudeng.io/aws v0.0.0-20260312171538-61fcde6ce278 h1:U8IH4K9Gxp+GCR6/T9XBJuChALdktcxDAzDmobNV9OU=
cloudeng.io/aws v0.0.0-20260312171538-61fcde6ce278/go.mod h1:a/hFGxDuO6VfJpWl8YCjqWRVMRQs95xFsbZvbi1PyyE=
cloudeng.io/cmdutil v0.0.0-20260303213431-bb1cfd0f49cd h1:uclAs6yiG381MCcImgr1itF89zCQMN8Gy2LD6VCdIGc=
cloudeng.io/cmdutil v0.0.0-20260303213431-bb1cfd0f49cd/go.mod h1:7NQCTXnOcH0ptIUd12W92zew0L+xqreiIGBRdNWD2RQ=
cloudeng.io/cmdutil v0.0.0-20260312171538-61fcde6ce278 h1:hmxwKMBmlfE9lLJ/9qT3MSxyzOLarxkMRS/AVF9AHBs=
cloudeng.io/cmdutil v0.0.0-20260312171538-61fcde6ce278/go.mod h1:PLl/4OZ4f7KehdXkIqUfD+dG6PDWH4ELcGC5BPTP7wY=
cloudeng.io/datetime v0.0.0-20260312171538-61fcde6ce278 h1:Qjc3mP4WAVD1N27I6xwNScxXlnewzhP5/799GKFOIsQ=
cloudeng.io/datetime v0.0.0-20260312171538-61fcde6ce278/go.mod h1:BFcGOM2904dd1yzIp4dHicBOp2eLO5yvrY6WM4uvpoo=
cloudeng.io/debug v0.0.0-20260114020737-744f6c0f8e64 h1:HasXXdNduLmbkgEI/TCikpckH+g3J8EaNVtgP/7TXzs=
cloudeng.io/debug v0.0.0-20260114020737-744f6c0f8e64/go.mod h1:cTUMrGijaJtp0x2bN9LXiCB/2gl6zsL37XxKfhOLaes=
cloudeng.io/debug v0.0.0-20260312171538-61fcde6ce278 h1:aGzAr8ZdwCisOwyyvymgYAdLaPIHeZOzE8nWFZOEcAk=
cloudeng.io/debug v0.0.0-20260312171538-61fcde6ce278/go.mod h1:lqnkxQcpZ4yfXoxHj+OVCydm/I8G+t4w1exrQdBVhTc=
cloudeng.io/errors v0.0.14-0.20260118175335-f191a42253cc h1:72rMkKasoDX95CNFZq9FcsfJLZQPpe87HrzJjSWwajI=
cloudeng.io/errors v0.0.14-0.20260118175335-f191a42253cc/go.mod h1:6TivTMjXopNNZ0eNsac9MfYij1WC6R0gJcsSIxcunIA=
cloudeng.io/errors v0.0.14-0.20260312171538-61fcde6ce278 h1:zvkZ9WBpBjerUAhl+SLCcQLar2mNdsA0kFc0Ku5NKVQ=
cloudeng.io/errors v0.0.14-0.20260312171538-61fcde6ce278/go.mod h1:6TivTMjXopNNZ0eNsac9MfYij1WC6R0gJcsSIxcunIA=
cloudeng.io/file v0.0.0-20260303213431-bb1cfd0f49cd h1:JzEdJUBClEv2fG48MAln16NwUSda3vD1rHFVFAsf/Ms=
cloudeng.io/file v0.0.0-20260303213431-bb1cfd0f49cd/go.mod h1:FBZeXNgmEzgTILCVKi8PKCvYfcZZB+D3qt8EYTcTWxE=
cloudeng.io/file v0.0.0-20260312171538-61fcde6ce278 h1:x1bX8humN7TI0TVlbbQ7s0dQA10w4KP1uTSk4CQtQ7U=
cloudeng.io/file v0.0.0-20260312171538-61fcde6ce278/go.mod h1:WVlLLiDCreK7mFnRctm4d8QuHMGASHOEUgy1qDg5n/c=
cloudeng.io/geospatial v0.0.0-20260312171538-61fcde6ce278 h1:lOgI6P9ymR+ZcnRPxiLARwxlwIW3Zst9iDOvKIoz620=
cloudeng.io/geospatial v0.0.0-20260312171538-61fcde6ce278/go.mod h1:W0U21miJxreaDxUiBlvtYe4qyx3ESEmPO1qw26sAygU=
cloudeng.io/google v0.0.0-20260312171538-61fcde6ce278 h1:FrKdlXjb6vHKxQANshp+y25TeEfNZUkUOQT9e9qP3Wc=
cloudeng.io/google v0.0.0-20260312171538-61fcde6ce278/go.mod h1:Lk8yv027GqcWU8qFz5eeb0KPlc6dfx4trHrK40hMKZA=
cloudeng.io/io v0.0.0-20260303213431-bb1cfd0f49cd h1:hKb3E2/1pK+pBF/uWgZsAvRZ7fvRLIFz9Is57Pw1Vtc=
cloudeng.io/io v0.0.0-20260303213431-bb1cfd0f49cd/go.mod h1:SciuzHEWfWbNp/LYbwmvTfj2xVz6cIkWo6xeBKgQB5A=
cloudeng.io/io v0.0.0-20260312171538-61fcde6ce278 h1:1Pfqemlt3aa1dfIzlkMunsmgibIaUQuHeEB9eomo7Pc=
cloudeng.io/io v0.0.0-20260312171538-61fcde6ce278/go.mod h1:UBofGL9buPo4290UO18JeW2sKmx10lpOQ6JF9/856yg=
cloudeng.io/logging v0.0.0-20260312171538-61fcde6ce278 h1:0dJME+1X+rIlCV42bL23Ua2cgTK9TKRD38N3GsxMI6o=
cloudeng.io/logging v0.0.0-20260312171538-61fcde6ce278/go.mod h1:1srNtLRpQsIoLck/p/JmvR/QfwfPbDO/65orqtdh1N0=
cloudeng.io/net v0.0.0-20260303213431-bb1cfd0f49cd h1:Gy89g0xRVMjU3a1f6dOhAB/8D5bWyyyIEyBvb9kXRaY=
cloudeng.io/net v0.0.0-20260303213431-bb1cfd0f49cd/go.mod h1:K58Zmng7C4+q4nHn/xgsW6/E+IIo1ZJNWnEk4Uu7vFE=
cloudeng.io/net v0.0.0-20260312171538-61fcde6ce278 h1:ggyEjZ8qKSzE8J8WlU5KpxKiuO5pJ010EkOOQg228Rk=
cloudeng.io/net v0.0.0-20260312171538-61fcde6ce278/go.mod h1:0cROdfgWrRBhcoYJGA6IUdf00dPEc+lKnRcJelNSQs4=
cloudeng.io/os v0.0.0-20260303213431-bb1cfd0f49cd h1:9/zQGLDu9+NdkdKVmeuSftS0ZSfs6YOx6g2kdWeiBzQ=
cloudeng.io/os v0.0.0-20260303213431-bb1cfd0f49cd/go.mod h1:HpH11hUM8QgbcIEhtEB3iDjZyCM00y+tupY5+9LwzwM=
cloudeng.io/os v0.0.0-20260312171538-61fcde6ce278 h1:mPOTlm3SaXMI0bsJA611+IDXiA44Km/AhEZa+ORdNYU=
cloudeng.io/os v0.0.0-20260312171538-61fcde6ce278/go.mod h1:R/vUqNOE6SwTzKKd9Mdyq0XoDfybsoFqCyD5zBZpD9c=
cloudeng.io/path v0.0.10-0.20260312171538-61fcde6ce278 h1:REi7wHqzb//83YtX5gkhLdUzlzNuReVHyTpBeuRmJ2A=
cloudeng.io/path v0.0.10-0.20260312171538-61fcde6ce278/go.mod h1:zAHxwBvZ4Ijb3WiUeGwp+HU3Qqlo8oBFzShAlRW/92A=
cloudeng.io/security v0.0.0-20260312171538-61fcde6ce278 h1:vxRqwjnhWQpV2v+R7zoafbrr/0wUwMAZ4sTOQjefka4=
cloudeng.io/security v0.0.0-20260312171538-61fcde6ce278/go.mod h1:I5Iwu3EyEFL0RmE8lhCZnt+EcEXnUX7Zkl9gaQ8JwAw=
cloudeng.io/sync v0.0.9-0.20260114020737-744f6c0f8e64 h1:Mg+W3M/f1eSFtzBbF1l7y7gASv/hFzpvtPubsx1sjUQ=
cloudeng.io/sync v0.0.9-0.20260114020737-744f6c0f8e64/go.mod h1:0lA6WiBA1Uq3Uvzo0Yyr1xcWIgreeTyX2FxaBIzzvs8=
cloudeng.io/sync v0.0.9-0.20260312171538-61fcde6ce278 h1:i02u8EGZv0r5nOaqePkrwPFzUIEq/RuSBUeofyNCnE8=
cloudeng.io/sync v0.0.9-0.20260312171538-61fcde6ce278/go.mod h1:iDq9SVBMBs+AJJBXtKAlVaU27Dt9FpRbisiL+lyVSc0=
cloudeng.io/sys v0.0.0-20260303213431-bb1cfd0f49cd h1:bMm31Af8276vrg2mTr5idRC8mr2UOErfQPeEaaXVq14=
cloudeng.io/sys v0.0.0-20260303213431-bb1cfd0f49cd/go.mod h1:FBdsmU0gIPPQOD1CrG3RJ3UkC/JtTEcVtpdkfMX1mtw=
cloudeng.io/sys v0.0.0-20260312171538-61fcde6ce278 h1:XyMfCg0Ihc4+yO3sndRBLyWsV2gxdHpUDOELFENco5Q=
cloudeng.io/sys v0.0.0-20260312171538-61fcde6ce278/go.mod h1:RIGBxuMDVW4SrN08VdrNvYFQ3+VkGA8iZ8/j0ONLoO8=
cloudeng.io/text v0.0.16-0.20260312171538-61fcde6ce278 h1:pGH7HR6EiZ7mceD00OY2vdKSqvIUYt+1F/b3G63O6uo=
cloudeng.io/text v0.0.16-0.20260312171538-61fcde6ce278/go.mod h1:bZd+iMNGHuFhRwk30Ife7WW56IZAMnAqApeEt4KEc0c=
cloudeng.io/windows v0.0.0-20251203211350-c30caae1cc5e h1:88FLgbskFkcsZSgh3jncYqYBg1J2eLHGzmdp74APrCQ=
cloudeng.io/windows v0.0.0-20251203211350-c30caae1cc5e/go.mod h1:tUOArMXLISe8OY+lHimWwdHMev5N7MwQGczQgTYZb3Y=
github.com/chromedp/cdproto v0.0.0-20250803210736-d308e07a266d h1:ZtA1sedVbEW7EW80Iz2GR3Ye6PwbJAJXjv7D74xG6HU=
github.com/chromedp/cdproto v0.0.0-20250803210736-d308e07a266d/go.mod h1:NItd7aLkcfOA/dcMXvl8p1u+lQqioRMq/SqDp71Pb/k=
github.com/chromedp/chromedp v0.14.2 h1:r3b/WtwM50RsBZHMUm9fsNhhzRStTHrKdr2zmwbZSzM=
github.com/chromedp/chromedp v0.14.2/go.mod h1:rHzAv60xDE7VNy/MYtTUrYreSc0ujt2O1/C3bzctYBo=
github.com/chromedp/sysutil v1.1.0 h1:PUFNv5EcprjqXZD9nJb9b/c9ibAbxiYo4exNWZyipwM=
github.com/chromedp/sysutil v1.1.0/go.mod h1:WiThHUdltqCNKGc4gaU50XgYjwjYIhKWoHGPTUfWTJ8=
github.com/creack/pty v1.1.9/go.mod h1:oKZEueFk5CKHvIhNR5MUki03XCEU+Q6VDXinZuGJ33E=
github.com/davecgh/go-spew v1.1.0/go.mod h1:J7Y8YcW2NihsgmVo/mv3lAwl/skON4iLHjSsI+c5H38=
github.com/davecgh/go-spew v1.1.2-0.20180830191138-d8f796af33cc h1:U9qPSI2PIWSS1VwoXQT9A3Wy9MM3WgvqSxFWenqJduM=
github.com/davecgh/go-spew v1.1.2-0.20180830191138-d8f796af33cc/go.mod h1:J7Y8YcW2NihsgmVo/mv3lAwl/skON4iLHjSsI+c5H38=
github.com/decred/dcrd/dcrec/secp256k1/v4 v4.4.1 h1:5RVFMOWjMyRy8cARdy79nAmgYw3hK/4HUq48LQ6Wwqo=
github.com/decred/dcrd/dcrec/secp256k1/v4 v4.4.1/go.mod h1:ZXNYxsqcloTdSy/rNShjYzMhyjf0LaoftYK0p+A3h40=
github.com/fxamacker/cbor/v2 v2.9.0 h1:NpKPmjDBgUfBms6tr6JZkTHtfFGcMKsw3eGcmD/sapM=
github.com/fxamacker/cbor/v2 v2.9.0/go.mod h1:vM4b+DJCtHn+zz7h3FFp/hDAI9WNWCsZj23V5ytsSxQ=
github.com/gaissmai/bart v0.26.1 h1:+w4rnLGNlA2GDVn382Tfe3jOsK5vOr5n4KmigJ9lbTo=
github.com/gaissmai/bart v0.26.1/go.mod h1:GREWQfTLRWz/c5FTOsIw+KkscuFkIV5t8Rp7Nd1Td5c=
github.com/go-json-experiment/json v0.0.0-20260214004413-d219187c3433 h1:vymEbVwYFP/L05h5TKQxvkXoKxNvTpjxYKdF1Nlwuao=
github.com/go-json-experiment/json v0.0.0-20260214004413-d219187c3433/go.mod h1:tphK2c80bpPhMOI4v6bIc2xWywPfbqi1Z06+RcrMkDg=
github.com/go-viper/mapstructure/v2 v2.5.0 h1:vM5IJoUAy3d7zRSVtIwQgBj7BiWtMPfmPEgAXnvj1Ro=
github.com/go-viper/mapstructure/v2 v2.5.0/go.mod h1:oJDH3BJKyqBA2TXFhDsKDGDTlndYOZ6rGS0BRZIxGhM=
github.com/go-webauthn/webauthn v0.16.1 h1:x5/SSki5/aIfogaRukqvbg/RXa3Sgxy/9vU7UfFPHKU=
github.com/go-webauthn/webauthn v0.16.1/go.mod h1:RBS+rtQJMkE5VfMQ4diDA2VNrEL8OeUhp4Srz37FHbQ=
github.com/go-webauthn/x v0.2.2 h1:zIiipvMbr48CXi5RG0XdBJR94kd8I5LfzHPb/q+YYmk=
github.com/go-webauthn/x v0.2.2/go.mod h1:IpJ5qyWB9NRhLX3C7gIfjTU7RZLXEP6kzFkoVSE7Fz4=
github.com/gobwas/httphead v0.1.0 h1:exrUm0f4YX0L7EBwZHuCF4GDp8aJfVeBrlLQrs6NqWU=
github.com/gobwas/httphead v0.1.0/go.mod h1:O/RXo79gxV8G+RqlR/otEwx4Q36zl9rqC5u12GKvMCM=
github.com/gobwas/pool v0.2.1 h1:xfeeEhW7pwmX8nuLVlqbzVc7udMDrwetjEv+TZIz1og=
github.com/gobwas/pool v0.2.1/go.mod h1:q8bcK0KcYlCgd9e7WYLm9LpyS+YeLd8JVDW6WezmKEw=
github.com/gobwas/ws v1.4.0 h1:CTaoG1tojrh4ucGPcoJFiAQUAsEWekEWvLy7GsVNqGs=
github.com/gobwas/ws v1.4.0/go.mod h1:G3gNqMNtPppf5XUz7O4shetPpcZ1VJ7zt18dlUeakrc=
github.com/goccy/go-json v0.10.6 h1:p8HrPJzOakx/mn/bQtjgNjdTcN+/S6FcG2CTtQOrHVU=
github.com/goccy/go-json v0.10.6/go.mod h1:oq7eo15ShAhp70Anwd5lgX2pLfOS3QCiwU/PULtXL6M=
github.com/golang-jwt/jwt/v5 v5.3.1 h1:kYf81DTWFe7t+1VvL7eS+jKFVWaUnK9cB1qbwn63YCY=
github.com/golang-jwt/jwt/v5 v5.3.1/go.mod h1:fxCRLWMO43lRc8nhHWY6LGqRcf+1gQWArsqaEUEa5bE=
github.com/google/go-tpm v0.9.8 h1:slArAR9Ft+1ybZu0lBwpSmpwhRXaa85hWtMinMyRAWo=
github.com/google/go-tpm v0.9.8/go.mod h1:h9jEsEECg7gtLis0upRBQU+GhYVH6jMjrFxI8u6bVUY=
github.com/google/go-tpm-tools v0.3.13-0.20230620182252-4639ecce2aba h1:qJEJcuLzH5KDR0gKc0zcktin6KSAwL7+jWKBYceddTc=
github.com/google/go-tpm-tools v0.3.13-0.20230620182252-4639ecce2aba/go.mod h1:EFYHy8/1y2KfgTAsx7Luu7NGhoxtuVHnNo8jE7FikKc=
github.com/google/uuid v1.6.0 h1:NIvaJDMOsjHA8n1jAhLSgzrAzy1Hgr+hNrb57e+94F0=
github.com/google/uuid v1.6.0/go.mod h1:TIyPZe4MgqvfeYDBFedMoGGpEw/LqOeaOT+nhxU+yHo=
github.com/kr/pretty v0.2.1/go.mod h1:ipq/a2n7PKx3OHsz4KJII5eveXtPO4qwEXGdVfWzfnI=
github.com/kr/pretty v0.3.1 h1:flRD4NNwYAUpkphVc1HcthR4KEIFJ65n8Mw5qdRn3LE=
github.com/kr/pretty v0.3.1/go.mod h1:hoEshYVHaxMs3cyo3Yncou5ZscifuDolrwPKZanG3xk=
github.com/kr/pty v1.1.1/go.mod h1:pFQYn66WHrOpPYNljwOMqo10TkYh1fy3cYio2l3bCsQ=
github.com/kr/text v0.1.0/go.mod h1:4Jbv+DJW3UT/LiOwJeYQe1efqtUx/iVham/4vfdArNI=
github.com/kr/text v0.2.0 h1:5Nx0Ya0ZqY2ygV366QzturHI13Jq95ApcVaJBhpS+AY=
github.com/kr/text v0.2.0/go.mod h1:eLer722TekiGuMkidMxC/pM04lWEeraHUUmBw8l2grE=
github.com/ledongthuc/pdf v0.0.0-20220302134840-0c2507a12d80 h1:6Yzfa6GP0rIo/kULo2bwGEkFvCePZ3qHDDTC3/J9Swo=
github.com/ledongthuc/pdf v0.0.0-20220302134840-0c2507a12d80/go.mod h1:imJHygn/1yfhB7XSJJKlFZKl/J+dCPAknuiaGOshXAs=
github.com/lestrrat-go/blackmagic v1.0.4 h1:IwQibdnf8l2KoO+qC3uT4OaTWsW7tuRQXy9TRN9QanA=
github.com/lestrrat-go/blackmagic v1.0.4/go.mod h1:6AWFyKNNj0zEXQYfTMPfZrAXUWUfTIZ5ECEUEJaijtw=
github.com/lestrrat-go/dsig v1.0.0 h1:OE09s2r9Z81kxzJYRn07TFM9XA4akrUdoMwr0L8xj38=
github.com/lestrrat-go/dsig v1.0.0/go.mod h1:dEgoOYYEJvW6XGbLasr8TFcAxoWrKlbQvmJgCR0qkDo=
github.com/lestrrat-go/dsig-secp256k1 v1.0.0 h1:JpDe4Aybfl0soBvoVwjqDbp+9S1Y2OM7gcrVVMFPOzY=
github.com/lestrrat-go/dsig-secp256k1 v1.0.0/go.mod h1:CxUgAhssb8FToqbL8NjSPoGQlnO4w3LG1P0qPWQm/NU=
github.com/lestrrat-go/httpcc v1.0.1 h1:ydWCStUeJLkpYyjLDHihupbn2tYmZ7m22BGkcvZZrIE=
github.com/lestrrat-go/httpcc v1.0.1/go.mod h1:qiltp3Mt56+55GPVCbTdM9MlqhvzyuL6W/NMDA8vA5E=
github.com/lestrrat-go/httprc/v3 v3.0.4 h1:pXyH2ppK8GYYggygxJ3TvxpCZnbEUWc9qSwRTTApaLA=
github.com/lestrrat-go/httprc/v3 v3.0.4/go.mod h1:mSMtkZW92Z98M5YoNNztbRGxbXHql7tSitCvaxvo9l0=
github.com/lestrrat-go/jwx/v3 v3.0.13 h1:AdHKiPIYeCSnOJtvdpipPg/0SuFh9rdkN+HF3O0VdSk=
github.com/lestrrat-go/jwx/v3 v3.0.13/go.mod h1:2m0PV1A9tM4b/jVLMx8rh6rBl7F6WGb3EG2hufN9OQU=
github.com/lestrrat-go/option/v2 v2.0.0 h1:XxrcaJESE1fokHy3FpaQ/cXW8ZsIdWcdFzzLOcID3Ss=
github.com/lestrrat-go/option/v2 v2.0.0/go.mod h1:oSySsmzMoR0iRzCDCaUfsCzxQHUEuhOViQObyy7S6Vg=
github.com/orisano/pixelmatch v0.0.0-20220722002657-fb0b55479cde h1:x0TT0RDC7UhAVbbWWBzr41ElhJx5tXPWkIHA2HWPRuw=
github.com/orisano/pixelmatch v0.0.0-20220722002657-fb0b55479cde/go.mod h1:nZgzbfBr3hhjoZnS66nKrHmduYNpc34ny7RK4z5/HM0=
github.com/pkg/diff v0.0.0-20210226163009-20ebb0f2a09e/go.mod h1:pJLUxLENpZxwdsKMEsNbx1VGcRFpLqf3715MtcvvzbA=
github.com/pmezard/go-difflib v1.0.0/go.mod h1:iKH77koFhYxTK1pcRnkKkqfTogsbg7gZNVY4sRDYZ/4=
github.com/pmezard/go-difflib v1.0.1-0.20181226105442-5d4384ee4fb2 h1:Jamvg5psRIccs7FGNTlIRMkT8wgtp5eCXdBlqhYGL6U=
github.com/pmezard/go-difflib v1.0.1-0.20181226105442-5d4384ee4fb2/go.mod h1:iKH77koFhYxTK1pcRnkKkqfTogsbg7gZNVY4sRDYZ/4=
github.com/rogpeppe/go-internal v1.9.0/go.mod h1:WtVeX8xhTBvf0smdhujwtBcq4Qrzq/fJaraNFVN+nFs=
github.com/rogpeppe/go-internal v1.14.1 h1:UQB4HGPB6osV0SQTLymcB4TgvyWu6ZyliaW0tI/otEQ=
github.com/rogpeppe/go-internal v1.14.1/go.mod h1:MaRKkUm5W0goXpeCfT7UZI6fk/L7L7so1lCWt35ZSgc=
github.com/segmentio/asm v1.2.1 h1:DTNbBqs57ioxAD4PrArqftgypG4/qNpXoJx8TVXxPR0=
github.com/segmentio/asm v1.2.1/go.mod h1:BqMnlJP91P8d+4ibuonYZw9mfnzI9HfxselHZr5aAcs=
github.com/stretchr/objx v0.1.0/go.mod h1:HFkY916IF+rwdDfMAkV7OtwuqBVzrE8GR6GFx+wExME=
github.com/stretchr/testify v1.7.1/go.mod h1:6Fq8oRcR53rry900zMqJjRRixrwX3KX962/h/Wwjteg=
github.com/stretchr/testify v1.11.1 h1:7s2iGBzp5EwR7/aIZr8ao5+dra3wiQyKjjFuvgVKu7U=
github.com/stretchr/testify v1.11.1/go.mod h1:wZwfW3scLgRK+23gO65QZefKpKQRnfz6sD981Nm4B6U=
github.com/valyala/fastjson v1.6.10 h1:/yjJg8jaVQdYR3arGxPE2X5z89xrlhS0eGXdv+ADTh4=
github.com/valyala/fastjson v1.6.10/go.mod h1:e6FubmQouUNP73jtMLmcbxS6ydWIpOfhz34TSfO3JaE=
github.com/x448/float16 v0.8.4 h1:qLwI1I70+NjRFUR3zs1JPUCgaCXSh3SW62uAKT1mSBM=
github.com/x448/float16 v0.8.4/go.mod h1:14CWIYCyZA/cWjXOioeEpHeN/83MdbZDRQHoFcYsOfg=
go.uber.org/mock v0.6.0 h1:hyF9dfmbgIX5EfOdasqLsWD6xqpNZlXblLB/Dbnwv3Y=
go.uber.org/mock v0.6.0/go.mod h1:KiVJ4BqZJaMj4svdfmHM0AUx4NJYO8ZNpPnZn1Z+BBU=
golang.org/x/crypto v0.49.0 h1:+Ng2ULVvLHnJ/ZFEq4KdcDd/cfjrrjjNSXNzxg0Y4U4=
golang.org/x/crypto v0.49.0/go.mod h1:ErX4dUh2UM+CFYiXZRTcMpEcN8b/1gxEuv3nODoYtCA=
golang.org/x/net v0.52.0 h1:He/TN1l0e4mmR3QqHMT2Xab3Aj3L9qjbhRm78/6jrW0=
golang.org/x/net v0.52.0/go.mod h1:R1MAz7uMZxVMualyPXb+VaqGSa3LIaUqk0eEt3w36Sw=
golang.org/x/sys v0.6.0/go.mod h1:oPkhp1MJrh7nUepCBck5+mAzfO9JrbApNNgaTdGDITg=
golang.org/x/sys v0.42.0 h1:omrd2nAlyT5ESRdCLYdm3+fMfNFE/+Rf4bDIQImRJeo=
golang.org/x/sys v0.42.0/go.mod h1:4GL1E5IUh+htKOUEOaiffhrAeqysfVGipDYzABqnCmw=
golang.org/x/text v0.35.0 h1:JOVx6vVDFokkpaq1AEptVzLTpDe9KGpj5tR4/X+ybL8=
golang.org/x/text v0.35.0/go.mod h1:khi/HExzZJ2pGnjenulevKNX1W67CUy0AsXcNubPGCA=
gopkg.in/check.v1 v0.0.0-20161208181325-20d25e280405/go.mod h1:Co6ibVJAznAaIkqp8huTwlJQCZ016jof/cbN4VW5Yz0=
gopkg.in/check.v1 v1.0.0-20201130134442-10cb98267c6c h1:Hei/4ADfdWqJk1ZMxUNpqntNwaWcugrBjAiHlqqRiVk=
gopkg.in/check.v1 v1.0.0-20201130134442-10cb98267c6c/go.mod h1:JHkPIbrfpd72SG/EVd6muEfDQjcINNoR0C8j2r3qZ4Q=
gopkg.in/yaml.v3 v3.0.0-20200313102051-9f266ea9e77c/go.mod h1:K4uyk7z7BCEPqu6E+C64Yfv1cQ7kz7rIZviUmN+EgEM=
gopkg.in/yaml.v3 v3.0.1 h1:fxVm/GzAzEWqLHuvctI91KS9hhNmmWOoWu0XTYJS7CA=
gopkg.in/yaml.v3 v3.0.1/go.mod h1:K4uyk7z7BCEPqu6E+C64Yfv1cQ7kz7rIZviUmN+EgEM=
