cloudeng.io/algo v0.0.0-20260606211206-13a5cf17eb80 h1:MS+ehpyo/WJay4Roypt5W9PpZ9RxIVrGa4bP6CER0Ec=
cloudeng.io/algo v0.0.0-20260606211206-13a5cf17eb80/go.mod h1:RviATRkvpjHAOwS8occSGbKCRTLLdFygPp7pE23XMZ8=
cloudeng.io/cmdutil v0.0.0-20260606211206-13a5cf17eb80 h1:B3nWZ317WlsxSlBB0za1j9BviDU5+PQRXwHRbvZhRLg=
cloudeng.io/cmdutil v0.0.0-20260606211206-13a5cf17eb80/go.mod h1:DW7VPDDc7UY/8t3iBY7VOdvhA6f9w05Xm/wPysnGWWs=
cloudeng.io/debug v0.0.0-20260527194618-4cb6d4558850 h1:gUar3YNqSdi+uvszdB44uBuutJnWWZX1lzAzlT/Y0IA=
cloudeng.io/debug v0.0.0-20260527194618-4cb6d4558850/go.mod h1:MECwal0eFhXI3wixLVjNGnXohW4qGQRg+J68yQWmi9k=
cloudeng.io/errors v0.0.14-0.20260312171538-61fcde6ce278 h1:zvkZ9WBpBjerUAhl+SLCcQLar2mNdsA0kFc0Ku5NKVQ=
cloudeng.io/errors v0.0.14-0.20260312171538-61fcde6ce278/go.mod h1:6TivTMjXopNNZ0eNsac9MfYij1WC6R0gJcsSIxcunIA=
cloudeng.io/file v0.0.0-20260606211206-13a5cf17eb80 h1:tdslu8cdPJ3oKKF8awv89FU7/3CnOOi9WEXbiJRlQzI=
cloudeng.io/file v0.0.0-20260606211206-13a5cf17eb80/go.mod h1:8AvYZmyJW7KzOx6kBnS2TWDdIsdhZgPOMaKyioOEuJU=
cloudeng.io/io v0.0.0-20260606211206-13a5cf17eb80 h1:Q5w55voGbb5fAM8qqu0WqIkZ1tIfXKlTsPDbgld7RVs=
cloudeng.io/io v0.0.0-20260606211206-13a5cf17eb80/go.mod h1:+8RDHJHH9PVivs+s4Nry5nSYRzEXnvvvTQrf5Ndks0c=
cloudeng.io/logging v0.0.0-20260606211206-13a5cf17eb80 h1:kGM1IItqR0CJVudQRJQxDOBEMOWw/XiBtEyYA4JzDmQ=
cloudeng.io/logging v0.0.0-20260606211206-13a5cf17eb80/go.mod h1:1srNtLRpQsIoLck/p/JmvR/QfwfPbDO/65orqtdh1N0=
cloudeng.io/net v0.0.0-20260606211206-13a5cf17eb80 h1:E+MhPYFFcTk55aQ1opiogGMMwhE3UcQV/rq/pUcqEjk=
cloudeng.io/net v0.0.0-20260606211206-13a5cf17eb80/go.mod h1:K1JxoOXW2emmU++OHlKCRnvhSPczaFp9Yf3oKLXUk4Q=
cloudeng.io/os v0.0.0-20260606211206-13a5cf17eb80 h1:SvTuK07FbjuhIMpC7k+D56SNkRb5KxXuUIqJnELhPj0=
cloudeng.io/os v0.0.0-20260606211206-13a5cf17eb80/go.mod h1:8+NOElfbKi78EFT2pfI2sHwYC0uEESmft9AvklmmMwg=
cloudeng.io/sync v0.0.11 h1:w0KEssgwRzTwZ0ZVNaNmBExkvy+GBHK6rdokFSZE7H0=
cloudeng.io/sync v0.0.11/go.mod h1:F9NpbM4iI6Rg74moXYpFdAU+ljdB9RKLWNuYvF0cFJE=
cloudeng.io/sys v0.0.0-20260606211206-13a5cf17eb80 h1:Dh99H2QWpzaNE1n60+zao8VFDZ0o2K00vCxDlmUu/8g=
cloudeng.io/sys v0.0.0-20260606211206-13a5cf17eb80/go.mod h1:qG5T8kpTw7woREyNcrh5O5sbTSINaCNXz+OGoHTVHPw=
cloudeng.io/text v0.0.16-0.20260312171538-61fcde6ce278 h1:pGH7HR6EiZ7mceD00OY2vdKSqvIUYt+1F/b3G63O6uo=
cloudeng.io/text v0.0.16-0.20260312171538-61fcde6ce278/go.mod h1:bZd+iMNGHuFhRwk30Ife7WW56IZAMnAqApeEt4KEc0c=
cloudeng.io/windows v0.0.0-20251203211350-c30caae1cc5e h1:88FLgbskFkcsZSgh3jncYqYBg1J2eLHGzmdp74APrCQ=
cloudeng.io/windows v0.0.0-20251203211350-c30caae1cc5e/go.mod h1:tUOArMXLISe8OY+lHimWwdHMev5N7MwQGczQgTYZb3Y=
github.com/davecgh/go-spew v1.1.2-0.20180830191138-d8f796af33cc h1:U9qPSI2PIWSS1VwoXQT9A3Wy9MM3WgvqSxFWenqJduM=
github.com/davecgh/go-spew v1.1.2-0.20180830191138-d8f796af33cc/go.mod h1:J7Y8YcW2NihsgmVo/mv3lAwl/skON4iLHjSsI+c5H38=
github.com/go-chi/chi/v5 v5.3.0 h1:halUjDxhshgXHMrao5bB8eNBXo/rnzwr8m5m36glehM=
github.com/go-chi/chi/v5 v5.3.0/go.mod h1:R+tYY2hNuVUUjxoPtqUdgBqevM9s9njzkTLutVsOCto=
github.com/kr/pretty v0.3.1 h1:flRD4NNwYAUpkphVc1HcthR4KEIFJ65n8Mw5qdRn3LE=
github.com/kr/pretty v0.3.1/go.mod h1:hoEshYVHaxMs3cyo3Yncou5ZscifuDolrwPKZanG3xk=
github.com/kr/text v0.2.0 h1:5Nx0Ya0ZqY2ygV366QzturHI13Jq95ApcVaJBhpS+AY=
github.com/kr/text v0.2.0/go.mod h1:eLer722TekiGuMkidMxC/pM04lWEeraHUUmBw8l2grE=
github.com/pmezard/go-difflib v1.0.1-0.20181226105442-5d4384ee4fb2 h1:Jamvg5psRIccs7FGNTlIRMkT8wgtp5eCXdBlqhYGL6U=
github.com/pmezard/go-difflib v1.0.1-0.20181226105442-5d4384ee4fb2/go.mod h1:iKH77koFhYxTK1pcRnkKkqfTogsbg7gZNVY4sRDYZ/4=
github.com/rogpeppe/go-internal v1.14.1 h1:UQB4HGPB6osV0SQTLymcB4TgvyWu6ZyliaW0tI/otEQ=
github.com/rogpeppe/go-internal v1.14.1/go.mod h1:MaRKkUm5W0goXpeCfT7UZI6fk/L7L7so1lCWt35ZSgc=
github.com/stretchr/testify v1.11.1 h1:7s2iGBzp5EwR7/aIZr8ao5+dra3wiQyKjjFuvgVKu7U=
github.com/stretchr/testify v1.11.1/go.mod h1:wZwfW3scLgRK+23gO65QZefKpKQRnfz6sD981Nm4B6U=
golang.org/x/crypto v0.52.0 h1:RMs7fP2rXdep0CftQlK8Uf+kibLm7qkCcradZWYz988=
golang.org/x/crypto v0.52.0/go.mod h1:1QgfPxDqh0T2M/elOJtp9RvuR95kVjir0e6/BvEmGbc=
golang.org/x/net v0.55.0 h1:bcvxaJn3e1U6InsFWt1JUq1aSjnRxLzT2rtD2KfkDF8=
golang.org/x/net v0.55.0/go.mod h1:L5U2KuzuOe1lY7Z+aWVIKK6qEeJXnXV9yzGA+WCHJww=
golang.org/x/sys v0.45.0 h1:dO4czNzziLiiXplLQgBCEpCvXQ3dnkn0SdaZSYdQ+FY=
golang.org/x/sys v0.45.0/go.mod h1:4GL1E5IUh+htKOUEOaiffhrAeqysfVGipDYzABqnCmw=
golang.org/x/text v0.37.0 h1:Cqjiwd9eSg8e0QAkyCaQTNHFIIzWtidPahFWR83rTrc=
golang.org/x/text v0.37.0/go.mod h1:a5sjxXGs9hsn/AJVwuElvCAo9v8QYLzvavO5z2PiM38=
gopkg.in/check.v1 v0.0.0-20161208181325-20d25e280405/go.mod h1:Co6ibVJAznAaIkqp8huTwlJQCZ016jof/cbN4VW5Yz0=
gopkg.in/check.v1 v1.0.0-20201130134442-10cb98267c6c h1:Hei/4ADfdWqJk1ZMxUNpqntNwaWcugrBjAiHlqqRiVk=
gopkg.in/check.v1 v1.0.0-20201130134442-10cb98267c6c/go.mod h1:JHkPIbrfpd72SG/EVd6muEfDQjcINNoR0C8j2r3qZ4Q=
gopkg.in/yaml.v3 v3.0.1 h1:fxVm/GzAzEWqLHuvctI91KS9hhNmmWOoWu0XTYJS7CA=
gopkg.in/yaml.v3 v3.0.1/go.mod h1:K4uyk7z7BCEPqu6E+C64Yfv1cQ7kz7rIZviUmN+EgEM=
