cloudeng.io/algo v0.0.0-20260909165456-ddaa2de546a0 h1:dGAloWAzHXc+sGMnvLMd7QKzntPRipG9L8aqqJqQAdU=
cloudeng.io/algo v0.0.0-20260909165456-ddaa2de546a0/go.mod h1:VXfkJ15IS4nXNdqqndiOceVAY49AXmQVBsaz/MIyZw4=
cloudeng.io/cmdutil v0.0.0-20260909165456-ddaa2de546a0 h1:MSeht7oQ8KW10A58CxTo8T1z0K6pLCLWw8ksEZjXApQ=
cloudeng.io/cmdutil v0.0.0-20260909165456-ddaa2de546a0/go.mod h1:ssiPQ1+w0pyyKsM+lLg8FVxSbZe/H5VAfNFYDCgOLOY=
cloudeng.io/debug v0.0.0-20260527194618-4cb6d4558850 h1:gUar3YNqSdi+uvszdB44uBuutJnWWZX1lzAzlT/Y0IA=
cloudeng.io/debug v0.0.0-20260527194618-4cb6d4558850/go.mod h1:MECwal0eFhXI3wixLVjNGnXohW4qGQRg+J68yQWmi9k=
cloudeng.io/errors v0.0.14-0.20260312171538-61fcde6ce278 h1:zvkZ9WBpBjerUAhl+SLCcQLar2mNdsA0kFc0Ku5NKVQ=
cloudeng.io/errors v0.0.14-0.20260312171538-61fcde6ce278/go.mod h1:6TivTMjXopNNZ0eNsac9MfYij1WC6R0gJcsSIxcunIA=
cloudeng.io/file v0.0.0-20260909165456-ddaa2de546a0 h1:uaBQFEqApaNmGbkzCUe8nCsOw/T5XaXvASx9wwAypwo=
cloudeng.io/file v0.0.0-20260909165456-ddaa2de546a0/go.mod h1:3jg38Uclb1yPySdpz9hbcz4S4MmZaQNIgXA2bNtGOkQ=
cloudeng.io/io v0.0.0-20260909165456-ddaa2de546a0 h1:ZA9dg8QIW4rlP+0JSzoNq2YsKCaKXxPXrzhJ/nXEop0=
cloudeng.io/io v0.0.0-20260909165456-ddaa2de546a0/go.mod h1:yN1QLD8jaGQ/R+YF5QqAgPnSFie8GKJgnyKIMn+jCLQ=
cloudeng.io/logging v0.0.0-20260909165456-ddaa2de546a0 h1:dagfelYE3cknuHnfizMtJW3NFE3EhSoIwVPBCxVLzmM=
cloudeng.io/logging v0.0.0-20260909165456-ddaa2de546a0/go.mod h1:1srNtLRpQsIoLck/p/JmvR/QfwfPbDO/65orqtdh1N0=
cloudeng.io/net v0.0.0-20260909165456-ddaa2de546a0 h1:RNlzBgT2YUIKy3WZaOvXCjyRX3HWdnrjomv9Cshg8N4=
cloudeng.io/net v0.0.0-20260909165456-ddaa2de546a0/go.mod h1:MiZ7a8/1xHdJbORWFRdPpU19pcCRAK8078D+F9N9bcA=
cloudeng.io/os v0.0.0-20260909165456-ddaa2de546a0 h1:xvW0HetOTC9aLgaayPURFubWXjyZnCeIhx0cnJxf7BQ=
cloudeng.io/os v0.0.0-20260909165456-ddaa2de546a0/go.mod h1:ZZqWH3F4c2nG1hq6ETiJwyOrtz66S70nZALCu3FyN9E=
cloudeng.io/sync v0.0.12-0.20260804222138-e9281ed260ba h1:2+U9tNRu/+O1rHgv2mxRTU80lgUCJSxDFDswbKumBx8=
cloudeng.io/sync v0.0.12-0.20260804222138-e9281ed260ba/go.mod h1:35kcugrX/RVGQjSfyLMciOCloX34nFfnkQsdks75Ao0=
cloudeng.io/sys v0.0.0-20260909165456-ddaa2de546a0 h1:bFhdhcXOe0L3ocbm0D9RaQ/XmR+h0oLjuvF5TAKp2zM=
cloudeng.io/sys v0.0.0-20260909165456-ddaa2de546a0/go.mod h1:743L2810r+Sw0FLR4r5G8a3UsEWniPRFYovEvMNpRBE=
cloudeng.io/text v0.0.16-0.20260624171915-da98fe9dec2b h1:otn38p2Jnt/wSY3b4frIaXVFP9suUCTVIXd2gK1JZJY=
cloudeng.io/text v0.0.16-0.20260624171915-da98fe9dec2b/go.mod h1:8U06bDX6RVeRzivT66GHyvoY5rGB/CVOEH1duqmFcpc=
cloudeng.io/types v0.0.0-20260909165456-ddaa2de546a0 h1:WnGVmFZscmHYF//EwGLdR3yMyl4Hfm1Cv7vChcSs/+A=
cloudeng.io/types v0.0.0-20260909165456-ddaa2de546a0/go.mod h1:PWKCmFQwXGQKSeH6AlXwHfxUK227rTJs4FZKkMEACKE=
cloudeng.io/windows v0.0.0-20251203211350-c30caae1cc5e h1:88FLgbskFkcsZSgh3jncYqYBg1J2eLHGzmdp74APrCQ=
cloudeng.io/windows v0.0.0-20251203211350-c30caae1cc5e/go.mod h1:tUOArMXLISe8OY+lHimWwdHMev5N7MwQGczQgTYZb3Y=
github.com/go-chi/chi/v5 v5.3.2 h1:5YQkICvTCSZ25hoRsyJazN0scjzKGiu4VAUc7H1o1nY=
github.com/go-chi/chi/v5 v5.3.2/go.mod h1:R+tYY2hNuVUUjxoPtqUdgBqevM9s9njzkTLutVsOCto=
github.com/kr/pretty v0.3.1 h1:flRD4NNwYAUpkphVc1HcthR4KEIFJ65n8Mw5qdRn3LE=
github.com/kr/pretty v0.3.1/go.mod h1:hoEshYVHaxMs3cyo3Yncou5ZscifuDolrwPKZanG3xk=
github.com/kr/text v0.2.0 h1:5Nx0Ya0ZqY2ygV366QzturHI13Jq95ApcVaJBhpS+AY=
github.com/kr/text v0.2.0/go.mod h1:eLer722TekiGuMkidMxC/pM04lWEeraHUUmBw8l2grE=
github.com/rogpeppe/go-internal v1.14.1 h1:UQB4HGPB6osV0SQTLymcB4TgvyWu6ZyliaW0tI/otEQ=
github.com/rogpeppe/go-internal v1.14.1/go.mod h1:MaRKkUm5W0goXpeCfT7UZI6fk/L7L7so1lCWt35ZSgc=
github.com/stretchr/testify v1.12.1 h1:EuwCh5fleGS7H32xRwO3wRGT7DxrDhLAT6FF8MpWDWE=
github.com/stretchr/testify v1.12.1/go.mod h1:MDEgiDPPsNp5cuIrHPPCyornHKgEVbtFUmoNlxoYthg=
go.yaml.in/yaml/v3 v3.0.5 h1:N6y/pJk8buWs9NY5ERU2HSMfm+IuD/OtfdAnq6kESPw=
go.yaml.in/yaml/v3 v3.0.5/go.mod h1:HVTZu1O7/Vkt2N+BFy8Zza+lnLsABggaTM2ZpNIGuKg=
golang.org/x/crypto v0.57.0 h1:3ZVCjf8Ggz7zneR/EHRVx68Ctf+2pmIMP2UFhh9cC6M=
golang.org/x/crypto v0.57.0/go.mod h1:Fdz0i5U6CoizGwLda9DttjSk6qlZo25zYNtR+ycvuZA=
golang.org/x/net v0.59.0 h1:5zfYln+w5XCxwrnMMJPufRgNoXEaGxl0wo5GqPXyues=
golang.org/x/net v0.59.0/go.mod h1:2DA/G1UfVbCpQPeWTmMPGY7Cs2PkBkwu743bVX5PIVg=
golang.org/x/sync v0.23.0 h1:KameEIfc1IkluZyXWLn39Wd4tURc6GbCiISGiZm2bQk=
golang.org/x/sync v0.23.0/go.mod h1:sUUOizhqBxiL6pEWpqNLUiaJn1ShEbZ6BBqskPbjZm0=
golang.org/x/sys v0.48.0 h1:bbX/i/6MgT9BVLM9RT1thmxL04yeTAhbEz4SyadbXoo=
golang.org/x/sys v0.48.0/go.mod h1:hNLxWAXmnKAxqDtdwIYC4bM9oQPEecfsnNMuSxOs3og=
golang.org/x/text v0.42.0 h1:JbOZXgfeCPU9gacVtYliJqOhD+zhrEqK4LfdpmlUZqI=
golang.org/x/text v0.42.0/go.mod h1:ojzP1Z+2QtioaF8DTtO8K5q7JWVVYwZKenzujK0Zd0E=
gopkg.in/check.v1 v0.0.0-20161208181325-20d25e280405/go.mod h1:Co6ibVJAznAaIkqp8huTwlJQCZ016jof/cbN4VW5Yz0=
gopkg.in/check.v1 v1.0.0-20201130134442-10cb98267c6c h1:Hei/4ADfdWqJk1ZMxUNpqntNwaWcugrBjAiHlqqRiVk=
gopkg.in/check.v1 v1.0.0-20201130134442-10cb98267c6c/go.mod h1:JHkPIbrfpd72SG/EVd6muEfDQjcINNoR0C8j2r3qZ4Q=
gopkg.in/yaml.v3 v3.0.1 h1:fxVm/GzAzEWqLHuvctI91KS9hhNmmWOoWu0XTYJS7CA=
gopkg.in/yaml.v3 v3.0.1/go.mod h1:K4uyk7z7BCEPqu6E+C64Yfv1cQ7kz7rIZviUmN+EgEM=
