cloudeng.io/algo v0.0.0-20260513235126-b955eaa2c893 h1:sNINssLVEX6mB3kM2homvR9/tpMMK+/KZHyqD8fiKJk=
cloudeng.io/algo v0.0.0-20260513235126-b955eaa2c893/go.mod h1:yZGkk20Yb1j6lES+EzjRkD7u6FaQ7LBlsD2dlLg8q2o=
cloudeng.io/cmdutil v0.0.0-20260513235126-b955eaa2c893 h1:RqDt3b/L13hhmE6QxUDnnMytJmdfXi/WmMWD53nbqso=
cloudeng.io/cmdutil v0.0.0-20260513235126-b955eaa2c893/go.mod h1:c2doZUgUgxgYJGt0Zf4vf4tVa6uJIQW81Og76nOvNEI=
cloudeng.io/debug v0.0.0-20260513030906-195852faa5d0 h1:GBehPUo1YwZ8/Yo0BuP7nETFTBF4BkuNwENqa4WsfrI=
cloudeng.io/debug v0.0.0-20260513030906-195852faa5d0/go.mod h1:MECwal0eFhXI3wixLVjNGnXohW4qGQRg+J68yQWmi9k=
cloudeng.io/errors v0.0.14-0.20260312171538-61fcde6ce278 h1:zvkZ9WBpBjerUAhl+SLCcQLar2mNdsA0kFc0Ku5NKVQ=
cloudeng.io/errors v0.0.14-0.20260312171538-61fcde6ce278/go.mod h1:6TivTMjXopNNZ0eNsac9MfYij1WC6R0gJcsSIxcunIA=
cloudeng.io/file v0.0.0-20260513235126-b955eaa2c893 h1:ckxpAqT8Z83O1/wtoJJbJqX7XSlQkD3NEjWOh/qtfnw=
cloudeng.io/file v0.0.0-20260513235126-b955eaa2c893/go.mod h1:TLR6T2kzbFIEGd730a+xcJJmoKAnAEsMW1wmVxKw9E4=
cloudeng.io/io v0.0.0-20260513235126-b955eaa2c893 h1:30bJ1WPVFAB6bL6pAtFlLNLwIfDYEZQqL3m4U/u2wJw=
cloudeng.io/io v0.0.0-20260513235126-b955eaa2c893/go.mod h1:ooF7jo7fVIhbkgq++2fsoc/dUdy8ihmQPgaG1sUBCBY=
cloudeng.io/logging v0.0.0-20260513235126-b955eaa2c893 h1:09QRxCWpfw//xr4essegXrKIJ5PJrXe9jWKvJvDMxiY=
cloudeng.io/logging v0.0.0-20260513235126-b955eaa2c893/go.mod h1:1srNtLRpQsIoLck/p/JmvR/QfwfPbDO/65orqtdh1N0=
cloudeng.io/net v0.0.0-20260513235126-b955eaa2c893 h1:9TZFuw2T+Lf6OgioY+tzz5hjEDndJDSJwbJoJz6zDgk=
cloudeng.io/net v0.0.0-20260513235126-b955eaa2c893/go.mod h1:JZSk3SIxJ/cKKZc3IvinY7lmtKDNmDMMyByyB5VBa7Y=
cloudeng.io/os v0.0.0-20260513235126-b955eaa2c893 h1:VWy18u8t6nbQ9MoEQ/Ln95pulIRSoZ4YX4PYHHIQxRQ=
cloudeng.io/os v0.0.0-20260513235126-b955eaa2c893/go.mod h1:u5maFhk+M6hHf8fbPCbEdb9+luZ+oNubFYAPRE0mWeA=
cloudeng.io/sync v0.0.11 h1:w0KEssgwRzTwZ0ZVNaNmBExkvy+GBHK6rdokFSZE7H0=
cloudeng.io/sync v0.0.11/go.mod h1:F9NpbM4iI6Rg74moXYpFdAU+ljdB9RKLWNuYvF0cFJE=
cloudeng.io/sys v0.0.0-20260513235126-b955eaa2c893 h1:fOuAX2kisvFgRCyZ+wrQ/lAcIjRbPNELQoOcfg+ZItk=
cloudeng.io/sys v0.0.0-20260513235126-b955eaa2c893/go.mod h1:8/h+YyxVgFTqECZHr61OJdDHkr+7NVI5xGbhEENd4DU=
cloudeng.io/text v0.0.16-0.20260312171538-61fcde6ce278 h1:pGH7HR6EiZ7mceD00OY2vdKSqvIUYt+1F/b3G63O6uo=
cloudeng.io/text v0.0.16-0.20260312171538-61fcde6ce278/go.mod h1:bZd+iMNGHuFhRwk30Ife7WW56IZAMnAqApeEt4KEc0c=
cloudeng.io/windows v0.0.0-20251203211350-c30caae1cc5e h1:88FLgbskFkcsZSgh3jncYqYBg1J2eLHGzmdp74APrCQ=
cloudeng.io/windows v0.0.0-20251203211350-c30caae1cc5e/go.mod h1:tUOArMXLISe8OY+lHimWwdHMev5N7MwQGczQgTYZb3Y=
github.com/davecgh/go-spew v1.1.2-0.20180830191138-d8f796af33cc h1:U9qPSI2PIWSS1VwoXQT9A3Wy9MM3WgvqSxFWenqJduM=
github.com/davecgh/go-spew v1.1.2-0.20180830191138-d8f796af33cc/go.mod h1:J7Y8YcW2NihsgmVo/mv3lAwl/skON4iLHjSsI+c5H38=
github.com/go-chi/chi/v5 v5.2.5 h1:Eg4myHZBjyvJmAFjFvWgrqDTXFyOzjj7YIm3L3mu6Ug=
github.com/go-chi/chi/v5 v5.2.5/go.mod h1:X7Gx4mteadT3eDOMTsXzmI4/rwUpOwBHLpAfupzFJP0=
github.com/kr/pretty v0.3.1 h1:flRD4NNwYAUpkphVc1HcthR4KEIFJ65n8Mw5qdRn3LE=
github.com/kr/pretty v0.3.1/go.mod h1:hoEshYVHaxMs3cyo3Yncou5ZscifuDolrwPKZanG3xk=
github.com/kr/text v0.2.0 h1:5Nx0Ya0ZqY2ygV366QzturHI13Jq95ApcVaJBhpS+AY=
github.com/kr/text v0.2.0/go.mod h1:eLer722TekiGuMkidMxC/pM04lWEeraHUUmBw8l2grE=
github.com/pmezard/go-difflib v1.0.1-0.20181226105442-5d4384ee4fb2 h1:Jamvg5psRIccs7FGNTlIRMkT8wgtp5eCXdBlqhYGL6U=
github.com/pmezard/go-difflib v1.0.1-0.20181226105442-5d4384ee4fb2/go.mod h1:iKH77koFhYxTK1pcRnkKkqfTogsbg7gZNVY4sRDYZ/4=
github.com/rogpeppe/go-internal v1.14.1 h1:UQB4HGPB6osV0SQTLymcB4TgvyWu6ZyliaW0tI/otEQ=
github.com/rogpeppe/go-internal v1.14.1/go.mod h1:MaRKkUm5W0goXpeCfT7UZI6fk/L7L7so1lCWt35ZSgc=
github.com/stretchr/testify v1.11.1 h1:7s2iGBzp5EwR7/aIZr8ao5+dra3wiQyKjjFuvgVKu7U=
github.com/stretchr/testify v1.11.1/go.mod h1:wZwfW3scLgRK+23gO65QZefKpKQRnfz6sD981Nm4B6U=
golang.org/x/crypto v0.51.0 h1:IBPXwPfKxY7cWQZ38ZCIRPI50YLeevDLlLnyC5wRGTI=
golang.org/x/crypto v0.51.0/go.mod h1:8AdwkbraGNABw2kOX6YFPs3WM22XqI4EXEd8g+x7Oc8=
golang.org/x/net v0.54.0 h1:2zJIZAxAHV/OHCDTCOHAYehQzLfSXuf/5SoL/Dv6w/w=
golang.org/x/net v0.54.0/go.mod h1:Sj4oj8jK6XmHpBZU/zWHw3BV3abl4Kvi+Ut7cQcY+cQ=
golang.org/x/sys v0.44.0 h1:ildZl3J4uzeKP07r2F++Op7E9B29JRUy+a27EibtBTQ=
golang.org/x/sys v0.44.0/go.mod h1:4GL1E5IUh+htKOUEOaiffhrAeqysfVGipDYzABqnCmw=
golang.org/x/text v0.37.0 h1:Cqjiwd9eSg8e0QAkyCaQTNHFIIzWtidPahFWR83rTrc=
golang.org/x/text v0.37.0/go.mod h1:a5sjxXGs9hsn/AJVwuElvCAo9v8QYLzvavO5z2PiM38=
gopkg.in/check.v1 v0.0.0-20161208181325-20d25e280405/go.mod h1:Co6ibVJAznAaIkqp8huTwlJQCZ016jof/cbN4VW5Yz0=
gopkg.in/check.v1 v1.0.0-20201130134442-10cb98267c6c h1:Hei/4ADfdWqJk1ZMxUNpqntNwaWcugrBjAiHlqqRiVk=
gopkg.in/check.v1 v1.0.0-20201130134442-10cb98267c6c/go.mod h1:JHkPIbrfpd72SG/EVd6muEfDQjcINNoR0C8j2r3qZ4Q=
gopkg.in/yaml.v3 v3.0.1 h1:fxVm/GzAzEWqLHuvctI91KS9hhNmmWOoWu0XTYJS7CA=
gopkg.in/yaml.v3 v3.0.1/go.mod h1:K4uyk7z7BCEPqu6E+C64Yfv1cQ7kz7rIZviUmN+EgEM=
